Microsoft Visual Studio Solution File, Format Version 12.00
# Visual Studio 2012
Project("{FAE04EC0-301F-11D3-BF4B-00C04F79EFBC}") = "RoboCombat", "RoboCombat.csproj", "{304EF54D-9062-4767-9A67-6E950C1E77AF}"
EndProject
Global
	GlobalSection(SolutionConfigurationPlatforms) = preSolution
	Debug|Any CPU = Debug|Any CPU
	ExportDebug|Any CPU = ExportDebug|Any CPU
	ExportRelease|Any CPU = ExportRelease|Any CPU
	EndGlobalSection
	GlobalSection(ProjectConfigurationPlatforms) = postSolution
		{304EF54D-9062-4767-9A67-6E950C1E77AF}.Debug|Any CPU.ActiveCfg = Debug|Any CPU
		{304EF54D-9062-4767-9A67-6E950C1E77AF}.Debug|Any CPU.Build.0 = Debug|Any CPU
		{304EF54D-9062-4767-9A67-6E950C1E77AF}.ExportDebug|Any CPU.ActiveCfg = ExportDebug|Any CPU
		{304EF54D-9062-4767-9A67-6E950C1E77AF}.ExportDebug|Any CPU.Build.0 = ExportDebug|Any CPU
		{304EF54D-9062-4767-9A67-6E950C1E77AF}.ExportRelease|Any CPU.ActiveCfg = ExportRelease|Any CPU
		{304EF54D-9062-4767-9A67-6E950C1E77AF}.ExportRelease|Any CPU.Build.0 = ExportRelease|Any CPU
	EndGlobalSection
EndGlobal
